
Microsoft Visual Studio Solution File, Format Version 12.00
# Visual Studio Version 17
VisualStudioVersion = 17.9.34728.123
MinimumVisualStudioVersion = 10.0.40219.1
Project("{FAE04EC0-301F-11D3-BF4B-00C04F79EFBC}") = "BrittanyT_wguC969", "BrittanyT_wguC969\BrittanyT_wguC969.csproj", "{D3DE61F8-F1B8-4C5D-ABBE-651D75039974}"
EndProject
Global
	GlobalSection(SolutionConfigurationPlatforms) = preSolution
		Debug|Any CPU = Debug|Any CPU
		Release|Any CPU = Release|Any CPU
	EndGlobalSection
	GlobalSection(ProjectConfigurationPlatforms) = postSolution
		{D3DE61F8-F1B8-4C5D-ABBE-651D75039974}.Debug|Any CPU.ActiveCfg = Debug|Any CPU
		{D3DE61F8-F1B8-4C5D-ABBE-651D75039974}.Debug|Any CPU.Build.0 = Debug|Any CPU
		{D3DE61F8-F1B8-4C5D-ABBE-651D75039974}.Release|Any CPU.ActiveCfg = Release|Any CPU
		{D3DE61F8-F1B8-4C5D-ABBE-651D75039974}.Release|Any CPU.Build.0 = Release|Any CPU
	EndGlobalSection
	GlobalSection(SolutionProperties) = preSolution
		HideSolutionNode = FALSE
	EndGlobalSection
	GlobalSection(ExtensibilityGlobals) = postSolution
		SolutionGuid = {1D47829B-DCB9-47FF-B7B6-7C9DCA04093C}
	EndGlobalSection
EndGlobal
